
Microsoft Visual Studio Solution File, Format Version 12.00
# Visual Studio 14
VisualStudioVersion = 14.0.24720.0
MinimumVisualStudioVersion = 10.0.40219.1
Project("{FAE04EC0-301F-11D3-BF4B-00C04F79EFBC}") = "CodePaLousa", "CodePaLousa\CodePaLousa.csproj", "{2E48FE85-2760-4875-8AEE-A21CDCCE36B6}"
EndProject
Project("{2150E333-8FDC-42A3-9474-1A3956D46DE8}") = "PublishScripts", "PublishScripts", "{65669113-727B-48D6-B767-852E054F5090}"
EndProject
Project("{2150E333-8FDC-42A3-9474-1A3956D46DE8}") = "Scripts", "Scripts", "{2DBA2279-F463-43F5-9A5B-63E7357E4B7F}"
	ProjectSection(SolutionItems) = preProject
		PublishScripts\Scripts\Deploy-AzureResourceGroup.ps1 = PublishScripts\Scripts\Deploy-AzureResourceGroup.ps1
	EndProjectSection
EndProject
Project("{2150E333-8FDC-42A3-9474-1A3956D46DE8}") = "Templates", "Templates", "{6D075E95-82FA-4121-A5F8-CA4E71FD948F}"
	ProjectSection(SolutionItems) = preProject
		PublishScripts\Templates\CodePaLousa.json = PublishScripts\Templates\CodePaLousa.json
		PublishScripts\Templates\CodePaLousa.param.dev.json = PublishScripts\Templates\CodePaLousa.param.dev.json
	EndProjectSection
EndProject
Global
	GlobalSection(SolutionConfigurationPlatforms) = preSolution
		Debug|Any CPU = Debug|Any CPU
		Release|Any CPU = Release|Any CPU
	EndGlobalSection
	GlobalSection(ProjectConfigurationPlatforms) = postSolution
		{2E48FE85-2760-4875-8AEE-A21CDCCE36B6}.Debug|Any CPU.ActiveCfg = Debug|Any CPU
		{2E48FE85-2760-4875-8AEE-A21CDCCE36B6}.Debug|Any CPU.Build.0 = Debug|Any CPU
		{2E48FE85-2760-4875-8AEE-A21CDCCE36B6}.Release|Any CPU.ActiveCfg = Release|Any CPU
		{2E48FE85-2760-4875-8AEE-A21CDCCE36B6}.Release|Any CPU.Build.0 = Release|Any CPU
	EndGlobalSection
	GlobalSection(SolutionProperties) = preSolution
		HideSolutionNode = FALSE
	EndGlobalSection
	GlobalSection(NestedProjects) = preSolution
		{2DBA2279-F463-43F5-9A5B-63E7357E4B7F} = {65669113-727B-48D6-B767-852E054F5090}
		{6D075E95-82FA-4121-A5F8-CA4E71FD948F} = {65669113-727B-48D6-B767-852E054F5090}
	EndGlobalSection
EndGlobal
